
Microsoft Visual Studio Solution File, Format Version 12.00
# Visual Studio 2012
Project("{FAE04EC0-301F-11D3-BF4B-00C04F79EFBC}") = "Hello", "Hello\Hello.csproj", "{C1442AEE-EDB0-4953-95D2-B80096300294}"
EndProject
Project("{FAE04EC0-301F-11D3-BF4B-00C04F79EFBC}") = "Hello.iOS", "iOS\Hello.iOS.csproj", "{8167A775-DB9B-4408-BC79-8DF0D335BA85}"
EndProject
Project("{FAE04EC0-301F-11D3-BF4B-00C04F79EFBC}") = "Hello.Droid", "Droid\Hello.Droid.csproj", "{B2AF6102-85E3-411C-B742-DEAA28423E86}"
EndProject
Global
	GlobalSection(SolutionConfigurationPlatforms) = preSolution
		Debug|Any CPU = Debug|Any CPU
		Release|Any CPU = Release|Any CPU
		Debug|iPhoneSimulator = Debug|iPhoneSimulator
		Release|iPhone = Release|iPhone
		Release|iPhoneSimulator = Release|iPhoneSimulator
		Debug|iPhone = Debug|iPhone
	EndGlobalSection
	GlobalSection(ProjectConfigurationPlatforms) = postSolution
		{C1442AEE-EDB0-4953-95D2-B80096300294}.Debug|Any CPU.ActiveCfg = Debug|Any CPU
		{C1442AEE-EDB0-4953-95D2-B80096300294}.Debug|Any CPU.Build.0 = Debug|Any CPU
		{C1442AEE-EDB0-4953-95D2-B80096300294}.Release|Any CPU.ActiveCfg = Release|Any CPU
		{C1442AEE-EDB0-4953-95D2-B80096300294}.Release|Any CPU.Build.0 = Release|Any CPU
		{C1442AEE-EDB0-4953-95D2-B80096300294}.Debug|iPhoneSimulator.ActiveCfg = Debug|Any CPU
		{C1442AEE-EDB0-4953-95D2-B80096300294}.Debug|iPhoneSimulator.Build.0 = Debug|Any CPU
		{C1442AEE-EDB0-4953-95D2-B80096300294}.Release|iPhone.ActiveCfg = Release|Any CPU
		{C1442AEE-EDB0-4953-95D2-B80096300294}.Release|iPhone.Build.0 = Release|Any CPU
		{C1442AEE-EDB0-4953-95D2-B80096300294}.Release|iPhoneSimulator.ActiveCfg = Release|Any CPU
		{C1442AEE-EDB0-4953-95D2-B80096300294}.Release|iPhoneSimulator.Build.0 = Release|Any CPU
		{C1442AEE-EDB0-4953-95D2-B80096300294}.Debug|iPhone.ActiveCfg = Debug|Any CPU
		{C1442AEE-EDB0-4953-95D2-B80096300294}.Debug|iPhone.Build.0 = Debug|Any CPU
		{8167A775-DB9B-4408-BC79-8DF0D335BA85}.Debug|Any CPU.ActiveCfg = Debug|iPhoneSimulator
		{8167A775-DB9B-4408-BC79-8DF0D335BA85}.Debug|Any CPU.Build.0 = Debug|iPhoneSimulator
		{8167A775-DB9B-4408-BC79-8DF0D335BA85}.Release|Any CPU.ActiveCfg = Release|iPhone
		{8167A775-DB9B-4408-BC79-8DF0D335BA85}.Release|Any CPU.Build.0 = Release|iPhone
		{8167A775-DB9B-4408-BC79-8DF0D335BA85}.Debug|iPhoneSimulator.ActiveCfg = Debug|iPhoneSimulator
		{8167A775-DB9B-4408-BC79-8DF0D335BA85}.Debug|iPhoneSimulator.Build.0 = Debug|iPhoneSimulator
		{8167A775-DB9B-4408-BC79-8DF0D335BA85}.Release|iPhone.ActiveCfg = Release|iPhone
		{8167A775-DB9B-4408-BC79-8DF0D335BA85}.Release|iPhone.Build.0 = Release|iPhone
		{8167A775-DB9B-4408-BC79-8DF0D335BA85}.Release|iPhoneSimulator.ActiveCfg = Release|iPhoneSimulator
		{8167A775-DB9B-4408-BC79-8DF0D335BA85}.Release|iPhoneSimulator.Build.0 = Release|iPhoneSimulator
		{8167A775-DB9B-4408-BC79-8DF0D335BA85}.Debug|iPhone.ActiveCfg = Debug|iPhone
		{8167A775-DB9B-4408-BC79-8DF0D335BA85}.Debug|iPhone.Build.0 = Debug|iPhone
		{B2AF6102-85E3-411C-B742-DEAA28423E86}.Debug|Any CPU.ActiveCfg = Debug|Any CPU
		{B2AF6102-85E3-411C-B742-DEAA28423E86}.Debug|Any CPU.Build.0 = Debug|Any CPU
		{B2AF6102-85E3-411C-B742-DEAA28423E86}.Release|Any CPU.ActiveCfg = Release|Any CPU
		{B2AF6102-85E3-411C-B742-DEAA28423E86}.Release|Any CPU.Build.0 = Release|Any CPU
		{B2AF6102-85E3-411C-B742-DEAA28423E86}.Debug|iPhoneSimulator.ActiveCfg = Debug|Any CPU
		{B2AF6102-85E3-411C-B742-DEAA28423E86}.Debug|iPhoneSimulator.Build.0 = Debug|Any CPU
		{B2AF6102-85E3-411C-B742-DEAA28423E86}.Release|iPhone.ActiveCfg = Release|Any CPU
		{B2AF6102-85E3-411C-B742-DEAA28423E86}.Release|iPhone.Build.0 = Release|Any CPU
		{B2AF6102-85E3-411C-B742-DEAA28423E86}.Release|iPhoneSimulator.ActiveCfg = Release|Any CPU
		{B2AF6102-85E3-411C-B742-DEAA28423E86}.Release|iPhoneSimulator.Build.0 = Release|Any CPU
		{B2AF6102-85E3-411C-B742-DEAA28423E86}.Debug|iPhone.ActiveCfg = Debug|Any CPU
		{B2AF6102-85E3-411C-B742-DEAA28423E86}.Debug|iPhone.Build.0 = Debug|Any CPU
	EndGlobalSection
EndGlobal
